
Microsoft Visual Studio Solution File, Format Version 12.00
# Visual Studio 15
VisualStudioVersion = 15.0.27428.2027
MinimumVisualStudioVersion = 10.0.40219.1
Project("{FAE04EC0-301F-11D3-BF4B-00C04F79EFBC}") = "TelegramShuiBot", "TelegramShuiBot\TelegramShuiBot.csproj", "{9095793D-A2C4-4841-B210-9FD5D78C7842}"
EndProject
Global
	GlobalSection(SolutionConfigurationPlatforms) = preSolution
		Debug|Any CPU = Debug|Any CPU
		Release|Any CPU = Release|Any CPU
	EndGlobalSection
	GlobalSection(ProjectConfigurationPlatforms) = postSolution
		{9095793D-A2C4-4841-B210-9FD5D78C7842}.Debug|Any CPU.ActiveCfg = Debug|Any CPU
		{9095793D-A2C4-4841-B210-9FD5D78C7842}.Debug|Any CPU.Build.0 = Debug|Any CPU
		{9095793D-A2C4-4841-B210-9FD5D78C7842}.Release|Any CPU.ActiveCfg = Release|Any CPU
		{9095793D-A2C4-4841-B210-9FD5D78C7842}.Release|Any CPU.Build.0 = Release|Any CPU
	EndGlobalSection
	GlobalSection(SolutionProperties) = preSolution
		HideSolutionNode = FALSE
	EndGlobalSection
	GlobalSection(ExtensibilityGlobals) = postSolution
		SolutionGuid = {3381BA98-7436-40DC-B1DF-DF21B03C916C}
	EndGlobalSection
EndGlobal
